{
    "version": 3,
    "terraform_version": "0.11.11",
    "serial": 2,
    "lineage": "2f625361-9424-8104-4da7-355a35b1e35e",
    "modules": [
        {
            "path": [
                "root"
            ],
            "outputs": {
                "aws_instance_public_dns": {
                    "sensitive": false,
                    "type": "string",
                    "value": "ec2-13-229-209-229.ap-southeast-1.compute.amazonaws.com"
                },
                "aws_instance_public_ip": {
                    "sensitive": false,
                    "type": "string",
                    "value": "13.229.209.229"
                }
            },
            "resources": {
                "aws_instance.nginx": {
                    "type": "aws_instance",
                    "depends_on": [],
                    "primary": {
                        "id": "i-079932cef07784860",
                        "attributes": {
                            "ami": "ami-05b3bcf7f311194b3",
                            "arn": "arn:aws:ec2:ap-southeast-1:606166675945:instance/i-079932cef07784860",
                            "associate_public_ip_address": "true",
                            "availability_zone": "ap-southeast-1b",
                            "cpu_core_count": "1",
                            "cpu_threads_per_core": "1",
                            "credit_specification.#": "1",
                            "credit_specification.0.cpu_credits": "standard",
                            "disable_api_termination": "false",
                            "ebs_block_device.#": "0",
                            "ebs_optimized": "false",
                            "ephemeral_block_device.#": "0",
                            "get_password_data": "false",
                            "iam_instance_profile": "",
                            "id": "i-079932cef07784860",
                            "instance_state": "running",
                            "instance_type": "t2.micro",
                            "ipv6_addresses.#": "0",
                            "key_name": "mykey",
                            "monitoring": "false",
                            "network_interface.#": "0",
                            "network_interface_id": "eni-011b1850e74b7da3e",
                            "password_data": "",
                            "placement_group": "",
                            "primary_network_interface_id": "eni-011b1850e74b7da3e",
                            "private_dns": "ip-172-31-18-192.ap-southeast-1.compute.internal",
                            "private_ip": "172.31.18.192",
                            "public_dns": "ec2-13-229-209-229.ap-southeast-1.compute.amazonaws.com",
                            "public_ip": "13.229.209.229",
                            "root_block_device.#": "1",
                            "root_block_device.0.delete_on_termination": "true",
                            "root_block_device.0.iops": "100",
                            "root_block_device.0.volume_id": "vol-08837393e9f938b35",
                            "root_block_device.0.volume_size": "8",
                            "root_block_device.0.volume_type": "gp2",
                            "security_groups.#": "1",
                            "security_groups.3814588639": "default",
                            "source_dest_check": "true",
                            "subnet_id": "subnet-30908c57",
                            "tags.%": "0",
                            "tenancy": "default",
                            "volume_tags.%": "0",
                            "vpc_security_group_ids.#": "1",
                            "vpc_security_group_ids.3020518492": "sg-8aea15f0"
                        },
                        "meta": {
                            "e2bfb730-ecaa-11e6-8f88-34363bc7c4c0": {
                                "create": 600000000000,
                                "delete": 1200000000000,
                                "update": 600000000000
                            },
                            "schema_version": "1"
                        },
                        "tainted": false
                    },
                    "deposed": [],
                    "provider": "provider.aws"
                }
            },
            "depends_on": []
        }
    ]
}
